
Microsoft Visual Studio Solution File, Format Version 12.00
# Visual Studio Version 16
VisualStudioVersion = 16.0.29613.14
MinimumVisualStudioVersion = 10.0.40219.1
Project("{FAE04EC0-301F-11D3-BF4B-00C04F79EFBC}") = "CH12_prj1_Wizzard_Inventory", "CH12_prj1_Wizzard_Inventory\CH12_prj1_Wizzard_Inventory.csproj", "{56DAF58B-D8C4-46F9-87C4-7B1DE113EB16}"
EndProject
Global
	GlobalSection(SolutionConfigurationPlatforms) = preSolution
		Debug|Any CPU = Debug|Any CPU
		Release|Any CPU = Release|Any CPU
	EndGlobalSection
	GlobalSection(ProjectConfigurationPlatforms) = postSolution
		{56DAF58B-D8C4-46F9-87C4-7B1DE113EB16}.Debug|Any CPU.ActiveCfg = Debug|Any CPU
		{56DAF58B-D8C4-46F9-87C4-7B1DE113EB16}.Debug|Any CPU.Build.0 = Debug|Any CPU
		{56DAF58B-D8C4-46F9-87C4-7B1DE113EB16}.Release|Any CPU.ActiveCfg = Release|Any CPU
		{56DAF58B-D8C4-46F9-87C4-7B1DE113EB16}.Release|Any CPU.Build.0 = Release|Any CPU
	EndGlobalSection
	GlobalSection(SolutionProperties) = preSolution
		HideSolutionNode = FALSE
	EndGlobalSection
	GlobalSection(ExtensibilityGlobals) = postSolution
		SolutionGuid = {F7E7B560-06E7-4B6F-95C5-36A94280C7FA}
	EndGlobalSection
EndGlobal
